// !$*UTF8*$!
{
	archiveVersion = 1;
	classes = {
	};
	objectVersion = 77;
	objects = {

/* Begin PBXBuildFile section */
		03112027C047E7EAF9BA153E /* Migration004.swift in Sources */ = {isa = PBXBuildFile; fileRef = AFE8B8FA13F587123365E245 /* Migration004.swift */; };
		04D154E8633D90EC5206EB0E /* GRDB in Frameworks */ = {isa = PBXBuildFile; productRef = 9F02EB3D916681BA267ADB14 /* GRDB */; };
		09F27190B4168272965387B2 /* AgentIcon.swift in Sources */ = {isa = PBXBuildFile; fileRef = 97EE0A94708E98E71A4BE095 /* AgentIcon.swift */; };
		0BD239306BC3EE9CE6A79874 /* mcp_inatorApp.swift in Sources */ = {isa = PBXBuildFile; fileRef = 1175E5F5782F11D0F99E25A1 /* mcp_inatorApp.swift */; };
		0DF006CA7250138FF808747A /* ConfigAgentAssignment.swift in Sources */ = {isa = PBXBuildFile; fileRef = 9C423205898D6A2E2BEB32B8 /* ConfigAgentAssignment.swift */; };
		111DB46129B2AC3E7C8313CD /* claude_code_config.json in Resources */ = {isa = PBXBuildFile; fileRef = F97CA2C41585DD4CD516D00B /* claude_code_config.json */; };
		13C9B634A309A2877B2B3CC5 /* MCPServer.swift in Sources */ = {isa = PBXBuildFile; fileRef = FBB50265A6511EDB0055B95E /* MCPServer.swift */; };
		14378934D5CF574B6A7F9642 /* DiscoveryView.swift in Sources */ = {isa = PBXBuildFile; fileRef = 55B09DE2D809C77FE508549F /* DiscoveryView.swift */; };
		16D11BBA470D5B699EEBBFEC /* CodexCLIAdapterTests.swift in Sources */ = {isa = PBXBuildFile; fileRef = 103EB42A882CCD7940A698AB /* CodexCLIAdapterTests.swift */; };
		1A8ABFA1732E06FCA10CDB82 /* ServiceManagement.framework in Frameworks */ = {isa = PBXBuildFile; fileRef = 1BBCA5A3DA8349D20E9A2C21 /* ServiceManagement.framework */; };
		1F16905A2C802EEA4F149074 /* Assets.xcassets in Resources */ = {isa = PBXBuildFile; fileRef = 6BDD852709F641ED9CAB7766 /* Assets.xcassets */; };
		2B87F479BAA1BC83903C382B /* StubAdapter.swift in Sources */ = {isa = PBXBuildFile; fileRef = E56CED7CC0CE009573B1F9CA /* StubAdapter.swift */; };
		2C67F3E57F8B0B8BEE781321 /* Sparkle in Frameworks */ = {isa = PBXBuildFile; productRef = 4F51316E8731F74700960B78 /* Sparkle */; };
		2CAA3A60F6990A6105BB2939 /* RegistryEntry.swift in Sources */ = {isa = PBXBuildFile; fileRef = B1F59E8CDCBE4E70FF72AE08 /* RegistryEntry.swift */; };
		2E5B4594ABC6042E399DCCE6 /* Sentry in Frameworks */ = {isa = PBXBuildFile; productRef = F68EC4EB8D4D17E1DA079D1E /* Sentry */; };
		2F0DA0B200410D50277841A3 /* RegistryClientTests.swift in Sources */ = {isa = PBXBuildFile; fileRef = B1DD36F7DDC9A9860FE4EDEA /* RegistryClientTests.swift */; };
		33053242EE65629DBFB1B090 /* CatalogDetailView.swift in Sources */ = {isa = PBXBuildFile; fileRef = 016C228AE4F2C3BDADFAEC9E /* CatalogDetailView.swift */; };
		3FBF669EF46E71655E39D8F2 /* Migration005.swift in Sources */ = {isa = PBXBuildFile; fileRef = 673672951A0D420C1E6170F5 /* Migration005.swift */; };
		400927860892CA6B0842C128 /* MenuBarView.swift in Sources */ = {isa = PBXBuildFile; fileRef = 3CF4F2B6B5CBE2539FAE1F74 /* MenuBarView.swift */; };
		478BA8EAD26AD9DA49B10181 /* ConfigLibraryView.swift in Sources */ = {isa = PBXBuildFile; fileRef = 7ED501CEF7D52CD3969E24D6 /* ConfigLibraryView.swift */; };
		48E52DCFCDB5F632E463C938 /* MCPServerTests.swift in Sources */ = {isa = PBXBuildFile; fileRef = 8D2896F28845955D9DDAF825 /* MCPServerTests.swift */; };
		49033C3A1B3D608A23D995CE /* MCP in Frameworks */ = {isa = PBXBuildFile; productRef = 3FDC266E73A2012A10B19689 /* MCP */; };
		49C139F2C652AF12C85B2621 /* CatalogEntry.swift in Sources */ = {isa = PBXBuildFile; fileRef = ED397AFDE2BF588B83C1AAEC /* CatalogEntry.swift */; };
		4A019B214A6AC7948459BFCA /* AddEditConfigView.swift in Sources */ = {isa = PBXBuildFile; fileRef = E6AA0D309B195442D289C705 /* AddEditConfigView.swift */; };
		4A4F7705E77210F4C1C9E981 /* CatalogClient.swift in Sources */ = {isa = PBXBuildFile; fileRef = 32C057F5CFACEFE7B55E6BCA /* CatalogClient.swift */; };
		4B147B91E919B19B9CE0B1EB /* Migration006.swift in Sources */ = {isa = PBXBuildFile; fileRef = ACE92C3D0FF0F195C1DEE50F /* Migration006.swift */; };
		4F4CF6DCE4EFAD4C97111496 /* registry-response.json in Resources */ = {isa = PBXBuildFile; fileRef = 103464A0B60E21763BEBA7DB /* registry-response.json */; };
		50976F473DE40F2112AAD598 /* CatalogEntryDetailView.swift in Sources */ = {isa = PBXBuildFile; fileRef = E77A0B956DEBE407E4AC5EEF /* CatalogEntryDetailView.swift */; };
		522BBCF11D47611FC3977B78 /* Migration003.swift in Sources */ = {isa = PBXBuildFile; fileRef = EB0CF0BD8FDC62D6E3BFB2EF /* Migration003.swift */; };
		544D1B195DBAA778AC333642 /* ClaudeCodeAdapterTests.swift in Sources */ = {isa = PBXBuildFile; fileRef = 07E57B58837265AE3A8812BC /* ClaudeCodeAdapterTests.swift */; };
		54BF6E7E6F982967E9444220 /* PreferencesView.swift in Sources */ = {isa = PBXBuildFile; fileRef = 248D5AE687DBC05E2A3D1AA5 /* PreferencesView.swift */; };
		55EDE08B968A9932A5100EF8 /* TOMLKit in Frameworks */ = {isa = PBXBuildFile; productRef = A8A575E8E03CFB9812734877 /* TOMLKit */; };
		5E93AE6C06C1F2916D5724A2 /* GeminiCLIAdapter.swift in Sources */ = {isa = PBXBuildFile; fileRef = 82F50A06B1ACB6E5D4F3F38A /* GeminiCLIAdapter.swift */; };
		60216F1F5B4BA2BFF4BE0523 /* CatalogEntryDecoderTests.swift in Sources */ = {isa = PBXBuildFile; fileRef = 5ED892903CE9FF14BF00DB02 /* CatalogEntryDecoderTests.swift */; };
		698770EB8DB65E6BA481D464 /* RegistryClient.swift in Sources */ = {isa = PBXBuildFile; fileRef = 2BC3F99DF88E320E1D1FCDF0 /* RegistryClient.swift */; };
		71F05D0A5B9BB688FCB269C1 /* CodexCLIAdapter.swift in Sources */ = {isa = PBXBuildFile; fileRef = 928B2492512ECFB579A7A67A /* CodexCLIAdapter.swift */; };
		739B64DF1BEEC349B7F7D612 /* ConfigStoreTests.swift in Sources */ = {isa = PBXBuildFile; fileRef = 1876009CB9EF08303E122849 /* ConfigStoreTests.swift */; };
		774A7276EC90260DBDB284F4 /* CatalogClientTests.swift in Sources */ = {isa = PBXBuildFile; fileRef = 5136483F029BD505D48D581C /* CatalogClientTests.swift */; };
		7877C4D786F70D5589D2BC2D /* ImportSource.swift in Sources */ = {isa = PBXBuildFile; fileRef = F5D93EC8166B021EEC823482 /* ImportSource.swift */; };
		7A4207AC732B7EAE649654AD /* claude_desktop_config.json in Resources */ = {isa = PBXBuildFile; fileRef = 7ACD9873730B56F995155492 /* claude_desktop_config.json */; };
		817549DE3D56B1B542C04875 /* ConnectionTester.swift in Sources */ = {isa = PBXBuildFile; fileRef = 00FDDFF5C5091102C5B67845 /* ConnectionTester.swift */; };
		82A187BE9A23C507DAFE2038 /* Inator.png in Resources */ = {isa = PBXBuildFile; fileRef = 7FB6678049CEDA09778E112E /* Inator.png */; };
		836ACE3795330484C937101A /* catalog.json in Resources */ = {isa = PBXBuildFile; fileRef = 624E21650338FFEE2413BE75 /* catalog.json */; };
		85B079D9EB93DDCAA8010FE6 /* ClaudeCodeAdapter.swift in Sources */ = {isa = PBXBuildFile; fileRef = E75736D0388AAACA14315CAE /* ClaudeCodeAdapter.swift */; };
		8659AD4092A2503E6C1E79C3 /* CatalogView.swift in Sources */ = {isa = PBXBuildFile; fileRef = DF94672DFC83B2A8317F2FCC /* CatalogView.swift */; };
		8AF8C42E3205FA32A0917A2E /* codex_config.toml in Resources */ = {isa = PBXBuildFile; fileRef = F55BF0872E2C6CB9E6A612D9 /* codex_config.toml */; };
		8CDC219ECE6787F6C010819C /* ImportSourceScannerTests.swift in Sources */ = {isa = PBXBuildFile; fileRef = 28A99FC7DF6D6744F5A22A16 /* ImportSourceScannerTests.swift */; };
		92676DE4508191620304B216 /* gemini_config.json in Resources */ = {isa = PBXBuildFile; fileRef = 9109E1A5469B7D25B926FD1E /* gemini_config.json */; };
		941B0061DDDBE840AB3F815A /* CatalogStoreTests.swift in Sources */ = {isa = PBXBuildFile; fileRef = 208282AF3881944515550A89 /* CatalogStoreTests.swift */; };
		95EE55C2F28E746E65CF804D /* AgentRecord.swift in Sources */ = {isa = PBXBuildFile; fileRef = A3B865013EA65AAE8229C657 /* AgentRecord.swift */; };
		9680CAFED3EC68BA8DEBD628 /* MCPServerConfigEquatableTests.swift in Sources */ = {isa = PBXBuildFile; fileRef = 062B29929666B95C6887ECAE /* MCPServerConfigEquatableTests.swift */; };
		9918965B7D07AE172CCFC8D4 /* MainWindowView.swift in Sources */ = {isa = PBXBuildFile; fileRef = 214E59A05F9F902E36E0D7BA /* MainWindowView.swift */; };
		9BA46DF2391731E8AF7CBDBE /* ManageAgentsView.swift in Sources */ = {isa = PBXBuildFile; fileRef = 40A8651F3E7C02E5C5C382BF /* ManageAgentsView.swift */; };
		9BCA15250C916F0238ADC307 /* AppModeManager.swift in Sources */ = {isa = PBXBuildFile; fileRef = E7A287EC332772DA0660B1D7 /* AppModeManager.swift */; };
		9D56C739C96A2204F5D0E255 /* GeminiCLIAdapterTests.swift in Sources */ = {isa = PBXBuildFile; fileRef = 1D0A001ED63D7C644137B58E /* GeminiCLIAdapterTests.swift */; };
		A1A2821481A692361A7A1649 /* AgentAdapter.swift in Sources */ = {isa = PBXBuildFile; fileRef = 3C37D5345D3420AEF5883EFC /* AgentAdapter.swift */; };
		A2CF25990C93250DD40BEC1F /* GeminiDesktopAdapter.swift in Sources */ = {isa = PBXBuildFile; fileRef = 1B9E57B55F82CBE15642F44F /* GeminiDesktopAdapter.swift */; };
		AA2660B69ED4DFC5E3173152 /* ImportSourceScanner.swift in Sources */ = {isa = PBXBuildFile; fileRef = 6C40061664F926F320D8B730 /* ImportSourceScanner.swift */; };
		ABF9EE50C4FC84D9D135F9AC /* GeminiDesktopAdapterTests.swift in Sources */ = {isa = PBXBuildFile; fileRef = 38F6749549191E257D4F63A9 /* GeminiDesktopAdapterTests.swift */; };
		AC53161BD0A5CB8B45259502 /* RegistryStoreTests.swift in Sources */ = {isa = PBXBuildFile; fileRef = C2CC96624DE869D9F82E2505 /* RegistryStoreTests.swift */; };
		B3F24BE0BA8D8436E74603EE /* CatalogStore.swift in Sources */ = {isa = PBXBuildFile; fileRef = A789E346EC685FBD34C7C235 /* CatalogStore.swift */; };
		B8F4435B355967AA1318B6A3 /* RegistryEntryTests.swift in Sources */ = {isa = PBXBuildFile; fileRef = 7F1C956B68491FA9BE832D21 /* RegistryEntryTests.swift */; };
		BC21EA76199C8D090A37B299 /* AppModeManagerTests.swift in Sources */ = {isa = PBXBuildFile; fileRef = 15439A8B79E4A88F7154D055 /* AppModeManagerTests.swift */; };
		BC362B5B9FB7F4C39AB37295 /* ClaudeDesktopAdapter.swift in Sources */ = {isa = PBXBuildFile; fileRef = 512E05EE9732BFAB0F62924E /* ClaudeDesktopAdapter.swift */; };
		C29C4A0AB1C1CB59D2F521C0 /* CatalogEntryTests.swift in Sources */ = {isa = PBXBuildFile; fileRef = 58005F52EC6E0393371118A4 /* CatalogEntryTests.swift */; };
		C3FB9A65EFD12042DE880E77 /* MCPTools.swift in Sources */ = {isa = PBXBuildFile; fileRef = 3A762F05A3F65129BC592917 /* MCPTools.swift */; };
		C5F664311811F2260A829E52 /* ImportReviewView.swift in Sources */ = {isa = PBXBuildFile; fileRef = 7682EBE502F6FC97450DF4B5 /* ImportReviewView.swift */; };
		C950538B5ACD5D589F17ECCF /* appcast.xml in Resources */ = {isa = PBXBuildFile; fileRef = 571E43C54CCE0B46A9AA5E44 /* appcast.xml */; };
		CCCEEB624CD6B6ECF4335159 /* ServerKeyTransformTests.swift in Sources */ = {isa = PBXBuildFile; fileRef = CF180D6A3C0770A9FDDB23DC /* ServerKeyTransformTests.swift */; };
		CD3D7E4F7290A6B2F6141295 /* RegistryStore.swift in Sources */ = {isa = PBXBuildFile; fileRef = 14925175871D556D6556A060 /* RegistryStore.swift */; };
		CD942979217CDD9C83888173 /* main.swift in Sources */ = {isa = PBXBuildFile; fileRef = 1D5E12DD5F2F8255785408D2 /* main.swift */; };
		D075D896B707D3A64AA5D8CC /* ClaudeDesktopAdapterTests.swift in Sources */ = {isa = PBXBuildFile; fileRef = 90FF1E5FCFCBCE43F44D5EFD /* ClaudeDesktopAdapterTests.swift */; };
		D1C6D075F030E86E687D04A4 /* AgentVisibilityTests.swift in Sources */ = {isa = PBXBuildFile; fileRef = A121873BD13A5AEFF0413CE9 /* AgentVisibilityTests.swift */; };
		D22C26DC90B06519C84045D6 /* ConfigStore.swift in Sources */ = {isa = PBXBuildFile; fileRef = E7CB9545A4BAAA3E5D7B3892 /* ConfigStore.swift */; };
		D541D6822382E172DE600A9E /* Migration001.swift in Sources */ = {isa = PBXBuildFile; fileRef = 30560F888607C8CDB96E1EDA /* Migration001.swift */; };
		D5D6668FFE36038FDD0626ED /* Inator@1x.png in Resources */ = {isa = PBXBuildFile; fileRef = 06F600189546F0C9C3181A74 /* Inator@1x.png */; };
		D687F5031913B6860BF343B6 /* AgentListView.swift in Sources */ = {isa = PBXBuildFile; fileRef = 6B2C903DEFCE53C220D5BB0D /* AgentListView.swift */; };
		DDBEFBA689E8CA707B95C558 /* AppDelegate.swift in Sources */ = {isa = PBXBuildFile; fileRef = F542D4F9A2B2A38EA0CF27C8 /* AppDelegate.swift */; };
		DF9E5F26F37E0D834BFB35DC /* SensitiveFieldTests.swift in Sources */ = {isa = PBXBuildFile; fileRef = B1155D8F7EA9583614AF25AF /* SensitiveFieldTests.swift */; };
		E5221B2C979D7A69913D03C4 /* MCPServerConfig.swift in Sources */ = {isa = PBXBuildFile; fileRef = 7D06963756EC1BCB53722FEB /* MCPServerConfig.swift */; };
		E7962FB9AA64E97C3CED7F9C /* AboutView.swift in Sources */ = {isa = PBXBuildFile; fileRef = 37F1FD08B9BD4BAD09187956 /* AboutView.swift */; };
		E7DB809A198910DAEC8A8DA7 /* mcp-inator.icns in Resources */ = {isa = PBXBuildFile; fileRef = 604C4C7C78B843FF1CA596BD /* mcp-inator.icns */; };
		EBF6FFCF9F935C8238AA03F3 /* StringExtensions.swift in Sources */ = {isa = PBXBuildFile; fileRef = 61ED827B1D7FD25CF69346F2 /* StringExtensions.swift */; };
		EEE87A7537B8A8060DE9F9CF /* Migration002.swift in Sources */ = {isa = PBXBuildFile; fileRef = F1A4408041C07C9921071598 /* Migration002.swift */; };
		F3C7E6D23AAC6499C9678663 /* MCPToolHandlerTests.swift in Sources */ = {isa = PBXBuildFile; fileRef = 56E4117000B48D5E6022D835 /* MCPToolHandlerTests.swift */; };
		F6490975E5CF4F307449A2DE /* AgentsView.swift in Sources */ = {isa = PBXBuildFile; fileRef = 8BBEC9A550BE522BB8BC985E /* AgentsView.swift */; };
		FD7AB207DB5CDC0018E0984A /* ConnectionTestResult.swift in Sources */ = {isa = PBXBuildFile; fileRef = 5D4A21BA688C4663ABB5AFA2 /* ConnectionTestResult.swift */; };
/* End PBXBuildFile section */

/* Begin PBXContainerItemProxy section */
		FC90BD8A0EEE128FDF49E026 /* PBXContainerItemProxy */ = {
			isa = PBXContainerItemProxy;
			containerPortal = CDF922E5463B7E72E875686C /* Project object */;
			proxyType = 1;
			remoteGlobalIDString = 3845B3C558F78E2A624D8F54;
			remoteInfo = "mcp-inator";
		};
/* End PBXContainerItemProxy section */

/* Begin PBXFileReference section */
		00FDDFF5C5091102C5B67845 /* ConnectionTester.swift */ = {isa = PBXFileReference; lastKnownFileType = sourcecode.swift; path = ConnectionTester.swift; sourceTree = "<group>"; };
		016C228AE4F2C3BDADFAEC9E /* CatalogDetailView.swift */ = {isa = PBXFileReference; lastKnownFileType = sourcecode.swift; path = CatalogDetailView.swift; sourceTree = "<group>"; };
		062B29929666B95C6887ECAE /* MCPServerConfigEquatableTests.swift */ = {isa = PBXFileReference; lastKnownFileType = sourcecode.swift; path = MCPServerConfigEquatableTests.swift; sourceTree = "<group>"; };
		06F600189546F0C9C3181A74 /* Inator@1x.png */ = {isa = PBXFileReference; lastKnownFileType = image.png; path = "Inator@1x.png"; sourceTree = "<group>"; };
		07E57B58837265AE3A8812BC /* ClaudeCodeAdapterTests.swift */ = {isa = PBXFileReference; lastKnownFileType = sourcecode.swift; path = ClaudeCodeAdapterTests.swift; sourceTree = "<group>"; };
		0804AB63951008ED49D09FF7 /* mcp-inator.app */ = {isa = PBXFileReference; explicitFileType = wrapper.application; includeInIndex = 0; path = "mcp-inator.app"; sourceTree = BUILT_PRODUCTS_DIR; };
		0A161C992F00212393F1172D /* mcp-inatorTests.xctest */ = {isa = PBXFileReference; explicitFileType = wrapper.cfbundle; includeInIndex = 0; path = "mcp-inatorTests.xctest"; sourceTree = BUILT_PRODUCTS_DIR; };
		103464A0B60E21763BEBA7DB /* registry-response.json */ = {isa = PBXFileReference; lastKnownFileType = text.json; path = "registry-response.json"; sourceTree = "<group>"; };
		103EB42A882CCD7940A698AB /* CodexCLIAdapterTests.swift */ = {isa = PBXFileReference; lastKnownFileType = sourcecode.swift; path = CodexCLIAdapterTests.swift; sourceTree = "<group>"; };
		1175E5F5782F11D0F99E25A1 /* mcp_inatorApp.swift */ = {isa = PBXFileReference; lastKnownFileType = sourcecode.swift; path = mcp_inatorApp.swift; sourceTree = "<group>"; };
		14925175871D556D6556A060 /* RegistryStore.swift */ = {isa = PBXFileReference; lastKnownFileType = sourcecode.swift; path = RegistryStore.swift; sourceTree = "<group>"; };
		15439A8B79E4A88F7154D055 /* AppModeManagerTests.swift */ = {isa = PBXFileReference; lastKnownFileType = sourcecode.swift; path = AppModeManagerTests.swift; sourceTree = "<group>"; };
		1876009CB9EF08303E122849 /* ConfigStoreTests.swift */ = {isa = PBXFileReference; lastKnownFileType = sourcecode.swift; path = ConfigStoreTests.swift; sourceTree = "<group>"; };
		1B9E57B55F82CBE15642F44F /* GeminiDesktopAdapter.swift */ = {isa = PBXFileReference; lastKnownFileType = sourcecode.swift; path = GeminiDesktopAdapter.swift; sourceTree = "<group>"; };
		1BBCA5A3DA8349D20E9A2C21 /* ServiceManagement.framework */ = {isa = PBXFileReference; lastKnownFileType = wrapper.framework; name = ServiceManagement.framework; path = System/Library/Frameworks/ServiceManagement.framework; sourceTree = SDKROOT; };
		1D0A001ED63D7C644137B58E /* GeminiCLIAdapterTests.swift */ = {isa = PBXFileReference; lastKnownFileType = sourcecode.swift; path = GeminiCLIAdapterTests.swift; sourceTree = "<group>"; };
		1D5E12DD5F2F8255785408D2 /* main.swift */ = {isa = PBXFileReference; lastKnownFileType = sourcecode.swift; path = main.swift; sourceTree = "<group>"; };
		208282AF3881944515550A89 /* CatalogStoreTests.swift */ = {isa = PBXFileReference; lastKnownFileType = sourcecode.swift; path = CatalogStoreTests.swift; sourceTree = "<group>"; };
		214E59A05F9F902E36E0D7BA /* MainWindowView.swift */ = {isa = PBXFileReference; lastKnownFileType = sourcecode.swift; path = MainWindowView.swift; sourceTree = "<group>"; };
		248D5AE687DBC05E2A3D1AA5 /* PreferencesView.swift */ = {isa = PBXFileReference; lastKnownFileType = sourcecode.swift; path = PreferencesView.swift; sourceTree = "<group>"; };
		28A99FC7DF6D6744F5A22A16 /* ImportSourceScannerTests.swift */ = {isa = PBXFileReference; lastKnownFileType = sourcecode.swift; path = ImportSourceScannerTests.swift; sourceTree = "<group>"; };
		2A0C42E76E92831198F754C1 /* version.xcconfig */ = {isa = PBXFileReference; lastKnownFileType = text.xcconfig; path = version.xcconfig; sourceTree = "<group>"; };
		2BC3F99DF88E320E1D1FCDF0 /* RegistryClient.swift */ = {isa = PBXFileReference; lastKnownFileType = sourcecode.swift; path = RegistryClient.swift; sourceTree = "<group>"; };
		30560F888607C8CDB96E1EDA /* Migration001.swift */ = {isa = PBXFileReference; lastKnownFileType = sourcecode.swift; path = Migration001.swift; sourceTree = "<group>"; };
		32C057F5CFACEFE7B55E6BCA /* CatalogClient.swift */ = {isa = PBXFileReference; lastKnownFileType = sourcecode.swift; path = CatalogClient.swift; sourceTree = "<group>"; };
		37F1FD08B9BD4BAD09187956 /* AboutView.swift */ = {isa = PBXFileReference; lastKnownFileType = sourcecode.swift; path = AboutView.swift; sourceTree = "<group>"; };
		38F6749549191E257D4F63A9 /* GeminiDesktopAdapterTests.swift */ = {isa = PBXFileReference; lastKnownFileType = sourcecode.swift; path = GeminiDesktopAdapterTests.swift; sourceTree = "<group>"; };
		3A762F05A3F65129BC592917 /* MCPTools.swift */ = {isa = PBXFileReference; lastKnownFileType = sourcecode.swift; path = MCPTools.swift; sourceTree = "<group>"; };
		3C37D5345D3420AEF5883EFC /* AgentAdapter.swift */ = {isa = PBXFileReference; lastKnownFileType = sourcecode.swift; path = AgentAdapter.swift; sourceTree = "<group>"; };
		3CF4F2B6B5CBE2539FAE1F74 /* MenuBarView.swift */ = {isa = PBXFileReference; lastKnownFileType = sourcecode.swift; path = MenuBarView.swift; sourceTree = "<group>"; };
		40A8651F3E7C02E5C5C382BF /* ManageAgentsView.swift */ = {isa = PBXFileReference; lastKnownFileType = sourcecode.swift; path = ManageAgentsView.swift; sourceTree = "<group>"; };
		512E05EE9732BFAB0F62924E /* ClaudeDesktopAdapter.swift */ = {isa = PBXFileReference; lastKnownFileType = sourcecode.swift; path = ClaudeDesktopAdapter.swift; sourceTree = "<group>"; };
		5136483F029BD505D48D581C /* CatalogClientTests.swift */ = {isa = PBXFileReference; lastKnownFileType = sourcecode.swift; path = CatalogClientTests.swift; sourceTree = "<group>"; };
		55B09DE2D809C77FE508549F /* DiscoveryView.swift */ = {isa = PBXFileReference; lastKnownFileType = sourcecode.swift; path = DiscoveryView.swift; sourceTree = "<group>"; };
		56E4117000B48D5E6022D835 /* MCPToolHandlerTests.swift */ = {isa = PBXFileReference; lastKnownFileType = sourcecode.swift; path = MCPToolHandlerTests.swift; sourceTree = "<group>"; };
		571E43C54CCE0B46A9AA5E44 /* appcast.xml */ = {isa = PBXFileReference; lastKnownFileType = text.xml; path = appcast.xml; sourceTree = "<group>"; };
		58005F52EC6E0393371118A4 /* CatalogEntryTests.swift */ = {isa = PBXFileReference; lastKnownFileType = sourcecode.swift; path = CatalogEntryTests.swift; sourceTree = "<group>"; };
		5D4A21BA688C4663ABB5AFA2 /* ConnectionTestResult.swift */ = {isa = PBXFileReference; lastKnownFileType = sourcecode.swift; path = ConnectionTestResult.swift; sourceTree = "<group>"; };
		5ED892903CE9FF14BF00DB02 /* CatalogEntryDecoderTests.swift */ = {isa = PBXFileReference; lastKnownFileType = sourcecode.swift; path = CatalogEntryDecoderTests.swift; sourceTree = "<group>"; };
		604C4C7C78B843FF1CA596BD /* mcp-inator.icns */ = {isa = PBXFileReference; lastKnownFileType = image.icns; path = "mcp-inator.icns"; sourceTree = "<group>"; };
		61ED827B1D7FD25CF69346F2 /* StringExtensions.swift */ = {isa = PBXFileReference; lastKnownFileType = sourcecode.swift; path = StringExtensions.swift; sourceTree = "<group>"; };
		624E21650338FFEE2413BE75 /* catalog.json */ = {isa = PBXFileReference; lastKnownFileType = text.json; path = catalog.json; sourceTree = "<group>"; };
		673672951A0D420C1E6170F5 /* Migration005.swift */ = {isa = PBXFileReference; lastKnownFileType = sourcecode.swift; path = Migration005.swift; sourceTree = "<group>"; };
		67EC9770AC45367A218213E2 /* mcp-inator.entitlements */ = {isa = PBXFileReference; lastKnownFileType = text.plist.entitlements; path = "mcp-inator.entitlements"; sourceTree = "<group>"; };
		6B2C903DEFCE53C220D5BB0D /* AgentListView.swift */ = {isa = PBXFileReference; lastKnownFileType = sourcecode.swift; path = AgentListView.swift; sourceTree = "<group>"; };
		6BDD852709F641ED9CAB7766 /* Assets.xcassets */ = {isa = PBXFileReference; lastKnownFileType = folder.assetcatalog; path = Assets.xcassets; sourceTree = "<group>"; };
		6C40061664F926F320D8B730 /* ImportSourceScanner.swift */ = {isa = PBXFileReference; lastKnownFileType = sourcecode.swift; path = ImportSourceScanner.swift; sourceTree = "<group>"; };
		7682EBE502F6FC97450DF4B5 /* ImportReviewView.swift */ = {isa = PBXFileReference; lastKnownFileType = sourcecode.swift; path = ImportReviewView.swift; sourceTree = "<group>"; };
		7ACD9873730B56F995155492 /* claude_desktop_config.json */ = {isa = PBXFileReference; lastKnownFileType = text.json; path = claude_desktop_config.json; sourceTree = "<group>"; };
		7D06963756EC1BCB53722FEB /* MCPServerConfig.swift */ = {isa = PBXFileReference; lastKnownFileType = sourcecode.swift; path = MCPServerConfig.swift; sourceTree = "<group>"; };
		7ED501CEF7D52CD3969E24D6 /* ConfigLibraryView.swift */ = {isa = PBXFileReference; lastKnownFileType = sourcecode.swift; path = ConfigLibraryView.swift; sourceTree = "<group>"; };
		7F1C956B68491FA9BE832D21 /* RegistryEntryTests.swift */ = {isa = PBXFileReference; lastKnownFileType = sourcecode.swift; path = RegistryEntryTests.swift; sourceTree = "<group>"; };
		7FB6678049CEDA09778E112E /* Inator.png */ = {isa = PBXFileReference; lastKnownFileType = image.png; path = Inator.png; sourceTree = "<group>"; };
		82F50A06B1ACB6E5D4F3F38A /* GeminiCLIAdapter.swift */ = {isa = PBXFileReference; lastKnownFileType = sourcecode.swift; path = GeminiCLIAdapter.swift; sourceTree = "<group>"; };
		8BBEC9A550BE522BB8BC985E /* AgentsView.swift */ = {isa = PBXFileReference; lastKnownFileType = sourcecode.swift; path = AgentsView.swift; sourceTree = "<group>"; };
		8D2896F28845955D9DDAF825 /* MCPServerTests.swift */ = {isa = PBXFileReference; lastKnownFileType = sourcecode.swift; path = MCPServerTests.swift; sourceTree = "<group>"; };
		90FF1E5FCFCBCE43F44D5EFD /* ClaudeDesktopAdapterTests.swift */ = {isa = PBXFileReference; lastKnownFileType = sourcecode.swift; path = ClaudeDesktopAdapterTests.swift; sourceTree = "<group>"; };
		9109E1A5469B7D25B926FD1E /* gemini_config.json */ = {isa = PBXFileReference; lastKnownFileType = text.json; path = gemini_config.json; sourceTree = "<group>"; };
		928B2492512ECFB579A7A67A /* CodexCLIAdapter.swift */ = {isa = PBXFileReference; lastKnownFileType = sourcecode.swift; path = CodexCLIAdapter.swift; sourceTree = "<group>"; };
		97EE0A94708E98E71A4BE095 /* AgentIcon.swift */ = {isa = PBXFileReference; lastKnownFileType = sourcecode.swift; path = AgentIcon.swift; sourceTree = "<group>"; };
		9AFF47ED4F7D3099F03DF0B6 /* Info.plist */ = {isa = PBXFileReference; lastKnownFileType = text.plist; path = Info.plist; sourceTree = "<group>"; };
		9C423205898D6A2E2BEB32B8 /* ConfigAgentAssignment.swift */ = {isa = PBXFileReference; lastKnownFileType = sourcecode.swift; path = ConfigAgentAssignment.swift; sourceTree = "<group>"; };
		A121873BD13A5AEFF0413CE9 /* AgentVisibilityTests.swift */ = {isa = PBXFileReference; lastKnownFileType = sourcecode.swift; path = AgentVisibilityTests.swift; sourceTree = "<group>"; };
		A3B865013EA65AAE8229C657 /* AgentRecord.swift */ = {isa = PBXFileReference; lastKnownFileType = sourcecode.swift; path = AgentRecord.swift; sourceTree = "<group>"; };
		A789E346EC685FBD34C7C235 /* CatalogStore.swift */ = {isa = PBXFileReference; lastKnownFileType = sourcecode.swift; path = CatalogStore.swift; sourceTree = "<group>"; };
		ACE92C3D0FF0F195C1DEE50F /* Migration006.swift */ = {isa = PBXFileReference; lastKnownFileType = sourcecode.swift; path = Migration006.swift; sourceTree = "<group>"; };
		AFE8B8FA13F587123365E245 /* Migration004.swift */ = {isa = PBXFileReference; lastKnownFileType = sourcecode.swift; path = Migration004.swift; sourceTree = "<group>"; };
		B1155D8F7EA9583614AF25AF /* SensitiveFieldTests.swift */ = {isa = PBXFileReference; lastKnownFileType = sourcecode.swift; path = SensitiveFieldTests.swift; sourceTree = "<group>"; };
		B1DD36F7DDC9A9860FE4EDEA /* RegistryClientTests.swift */ = {isa = PBXFileReference; lastKnownFileType = sourcecode.swift; path = RegistryClientTests.swift; sourceTree = "<group>"; };
		B1F59E8CDCBE4E70FF72AE08 /* RegistryEntry.swift */ = {isa = PBXFileReference; lastKnownFileType = sourcecode.swift; path = RegistryEntry.swift; sourceTree = "<group>"; };
		C2CC96624DE869D9F82E2505 /* RegistryStoreTests.swift */ = {isa = PBXFileReference; lastKnownFileType = sourcecode.swift; path = RegistryStoreTests.swift; sourceTree = "<group>"; };
		CF180D6A3C0770A9FDDB23DC /* ServerKeyTransformTests.swift */ = {isa = PBXFileReference; lastKnownFileType = sourcecode.swift; path = ServerKeyTransformTests.swift; sourceTree = "<group>"; };
		DF94672DFC83B2A8317F2FCC /* CatalogView.swift */ = {isa = PBXFileReference; lastKnownFileType = sourcecode.swift; path = CatalogView.swift; sourceTree = "<group>"; };
		E56CED7CC0CE009573B1F9CA /* StubAdapter.swift */ = {isa = PBXFileReference; lastKnownFileType = sourcecode.swift; path = StubAdapter.swift; sourceTree = "<group>"; };
		E6AA0D309B195442D289C705 /* AddEditConfigView.swift */ = {isa = PBXFileReference; lastKnownFileType = sourcecode.swift; path = AddEditConfigView.swift; sourceTree = "<group>"; };
		E75736D0388AAACA14315CAE /* ClaudeCodeAdapter.swift */ = {isa = PBXFileReference; lastKnownFileType = sourcecode.swift; path = ClaudeCodeAdapter.swift; sourceTree = "<group>"; };
		E77A0B956DEBE407E4AC5EEF /* CatalogEntryDetailView.swift */ = {isa = PBXFileReference; lastKnownFileType = sourcecode.swift; path = CatalogEntryDetailView.swift; sourceTree = "<group>"; };
		E7A287EC332772DA0660B1D7 /* AppModeManager.swift */ = {isa = PBXFileReference; lastKnownFileType = sourcecode.swift; path = AppModeManager.swift; sourceTree = "<group>"; };
		E7CB9545A4BAAA3E5D7B3892 /* ConfigStore.swift */ = {isa = PBXFileReference; lastKnownFileType = sourcecode.swift; path = ConfigStore.swift; sourceTree = "<group>"; };
		EB0CF0BD8FDC62D6E3BFB2EF /* Migration003.swift */ = {isa = PBXFileReference; lastKnownFileType = sourcecode.swift; path = Migration003.swift; sourceTree = "<group>"; };
		ED397AFDE2BF588B83C1AAEC /* CatalogEntry.swift */ = {isa = PBXFileReference; lastKnownFileType = sourcecode.swift; path = CatalogEntry.swift; sourceTree = "<group>"; };
		F1A4408041C07C9921071598 /* Migration002.swift */ = {isa = PBXFileReference; lastKnownFileType = sourcecode.swift; path = Migration002.swift; sourceTree = "<group>"; };
		F542D4F9A2B2A38EA0CF27C8 /* AppDelegate.swift */ = {isa = PBXFileReference; lastKnownFileType = sourcecode.swift; path = AppDelegate.swift; sourceTree = "<group>"; };
		F55BF0872E2C6CB9E6A612D9 /* codex_config.toml */ = {isa = PBXFileReference; path = codex_config.toml; sourceTree = "<group>"; };
		F5D93EC8166B021EEC823482 /* ImportSource.swift */ = {isa = PBXFileReference; lastKnownFileType = sourcecode.swift; path = ImportSource.swift; sourceTree = "<group>"; };
		F97CA2C41585DD4CD516D00B /* claude_code_config.json */ = {isa = PBXFileReference; lastKnownFileType = text.json; path = claude_code_config.json; sourceTree = "<group>"; };
		FBB50265A6511EDB0055B95E /* MCPServer.swift */ = {isa = PBXFileReference; lastKnownFileType = sourcecode.swift; path = MCPServer.swift; sourceTree = "<group>"; };
/* End PBXFileReference section */

/* Begin PBXFrameworksBuildPhase section */
		C8340D9DA8241856345F71C7 /* Frameworks */ = {
			isa = PBXFrameworksBuildPhase;
			buildActionMask = 2147483647;
			files = (
				04D154E8633D90EC5206EB0E /* GRDB in Frameworks */,
				2C67F3E57F8B0B8BEE781321 /* Sparkle in Frameworks */,
				55EDE08B968A9932A5100EF8 /* TOMLKit in Frameworks */,
				49033C3A1B3D608A23D995CE /* MCP in Frameworks */,
				2E5B4594ABC6042E399DCCE6 /* Sentry in Frameworks */,
				1A8ABFA1732E06FCA10CDB82 /* ServiceManagement.framework in Frameworks */,
			);
			runOnlyForDeploymentPostprocessing = 0;
		};
/* End PBXFrameworksBuildPhase section */

/* Begin PBXGroup section */
		0163F502A2ADBB70B69DC179 /* TestHelpers */ = {
			isa = PBXGroup;
			children = (
				E56CED7CC0CE009573B1F9CA /* StubAdapter.swift */,
			);
			path = TestHelpers;
			sourceTree = "<group>";
		};
		1010CC78BF7CCE042845A58E /* Adapters */ = {
			isa = PBXGroup;
			children = (
				3C37D5345D3420AEF5883EFC /* AgentAdapter.swift */,
				E75736D0388AAACA14315CAE /* ClaudeCodeAdapter.swift */,
				512E05EE9732BFAB0F62924E /* ClaudeDesktopAdapter.swift */,
				928B2492512ECFB579A7A67A /* CodexCLIAdapter.swift */,
				82F50A06B1ACB6E5D4F3F38A /* GeminiCLIAdapter.swift */,
				1B9E57B55F82CBE15642F44F /* GeminiDesktopAdapter.swift */,
				61ED827B1D7FD25CF69346F2 /* StringExtensions.swift */,
			);
			path = Adapters;
			sourceTree = "<group>";
		};
		191C63E89C4B6652DABE8540 /* Migrations */ = {
			isa = PBXGroup;
			children = (
				30560F888607C8CDB96E1EDA /* Migration001.swift */,
				F1A4408041C07C9921071598 /* Migration002.swift */,
				EB0CF0BD8FDC62D6E3BFB2EF /* Migration003.swift */,
				AFE8B8FA13F587123365E245 /* Migration004.swift */,
				673672951A0D420C1E6170F5 /* Migration005.swift */,
				ACE92C3D0FF0F195C1DEE50F /* Migration006.swift */,
			);
			path = Migrations;
			sourceTree = "<group>";
		};
		244A9F68B02F0B06E1073FA2 /* mcp-inator */ = {
			isa = PBXGroup;
			children = (
				1010CC78BF7CCE042845A58E /* Adapters */,
				CA126C95E6E31DF909D7073F /* App */,
				311ADA2BBCBEE096159DDFDD /* MCP */,
				DB653EB06BB01E80D6589289 /* Models */,
				37F4DAEA47FE4DE28E86B9E6 /* Resources */,
				C6B4A8D0B362E2F4A09A21A7 /* Services */,
				3CA20AB8A1CEBB4B854A2BD7 /* Store */,
				4AAFCEC1C02B8CA4C695061B /* UI */,
			);
			path = "mcp-inator";
			sourceTree = "<group>";
		};
		311ADA2BBCBEE096159DDFDD /* MCP */ = {
			isa = PBXGroup;
			children = (
				FBB50265A6511EDB0055B95E /* MCPServer.swift */,
				3A762F05A3F65129BC592917 /* MCPTools.swift */,
			);
			path = MCP;
			sourceTree = "<group>";
		};
		37F4DAEA47FE4DE28E86B9E6 /* Resources */ = {
			isa = PBXGroup;
			children = (
				571E43C54CCE0B46A9AA5E44 /* appcast.xml */,
				6BDD852709F641ED9CAB7766 /* Assets.xcassets */,
				624E21650338FFEE2413BE75 /* catalog.json */,
				7FB6678049CEDA09778E112E /* Inator.png */,
				06F600189546F0C9C3181A74 /* Inator@1x.png */,
				9AFF47ED4F7D3099F03DF0B6 /* Info.plist */,
				67EC9770AC45367A218213E2 /* mcp-inator.entitlements */,
				604C4C7C78B843FF1CA596BD /* mcp-inator.icns */,
			);
			path = Resources;
			sourceTree = "<group>";
		};
		3C9955B0D1714835EF0C23DF /* Frameworks */ = {
			isa = PBXGroup;
			children = (
				1BBCA5A3DA8349D20E9A2C21 /* ServiceManagement.framework */,
			);
			name = Frameworks;
			sourceTree = "<group>";
		};
		3CA20AB8A1CEBB4B854A2BD7 /* Store */ = {
			isa = PBXGroup;
			children = (
				E7CB9545A4BAAA3E5D7B3892 /* ConfigStore.swift */,
				191C63E89C4B6652DABE8540 /* Migrations */,
			);
			path = Store;
			sourceTree = "<group>";
		};
		4AAFCEC1C02B8CA4C695061B /* UI */ = {
			isa = PBXGroup;
			children = (
				37F1FD08B9BD4BAD09187956 /* AboutView.swift */,
				E6AA0D309B195442D289C705 /* AddEditConfigView.swift */,
				97EE0A94708E98E71A4BE095 /* AgentIcon.swift */,
				6B2C903DEFCE53C220D5BB0D /* AgentListView.swift */,
				8BBEC9A550BE522BB8BC985E /* AgentsView.swift */,
				016C228AE4F2C3BDADFAEC9E /* CatalogDetailView.swift */,
				E77A0B956DEBE407E4AC5EEF /* CatalogEntryDetailView.swift */,
				DF94672DFC83B2A8317F2FCC /* CatalogView.swift */,
				7ED501CEF7D52CD3969E24D6 /* ConfigLibraryView.swift */,
				55B09DE2D809C77FE508549F /* DiscoveryView.swift */,
				7682EBE502F6FC97450DF4B5 /* ImportReviewView.swift */,
				214E59A05F9F902E36E0D7BA /* MainWindowView.swift */,
				40A8651F3E7C02E5C5C382BF /* ManageAgentsView.swift */,
				3CF4F2B6B5CBE2539FAE1F74 /* MenuBarView.swift */,
				248D5AE687DBC05E2A3D1AA5 /* PreferencesView.swift */,
			);
			path = UI;
			sourceTree = "<group>";
		};
		5B9A17814068CAC1A972B2C7 = {
			isa = PBXGroup;
			children = (
				244A9F68B02F0B06E1073FA2 /* mcp-inator */,
				992A929320DDD1924085A4AD /* mcp-inator */,
				B227B9925A9DF3B6CFB08D9D /* mcp-inatorTests */,
				3C9955B0D1714835EF0C23DF /* Frameworks */,
				B9668A9E62F63D852C69A4B2 /* Products */,
			);
			sourceTree = "<group>";
		};
		8A9D979366B76DF914865EBF /* Fixtures */ = {
			isa = PBXGroup;
			children = (
				F97CA2C41585DD4CD516D00B /* claude_code_config.json */,
				7ACD9873730B56F995155492 /* claude_desktop_config.json */,
				F55BF0872E2C6CB9E6A612D9 /* codex_config.toml */,
				9109E1A5469B7D25B926FD1E /* gemini_config.json */,
				103464A0B60E21763BEBA7DB /* registry-response.json */,
			);
			path = Fixtures;
			sourceTree = "<group>";
		};
		983501167AB3FEB06FFE8D35 /* Integration */ = {
			isa = PBXGroup;
			children = (
				07E57B58837265AE3A8812BC /* ClaudeCodeAdapterTests.swift */,
				90FF1E5FCFCBCE43F44D5EFD /* ClaudeDesktopAdapterTests.swift */,
				103EB42A882CCD7940A698AB /* CodexCLIAdapterTests.swift */,
				1D0A001ED63D7C644137B58E /* GeminiCLIAdapterTests.swift */,
				8D2896F28845955D9DDAF825 /* MCPServerTests.swift */,
				8A9D979366B76DF914865EBF /* Fixtures */,
			);
			path = Integration;
			sourceTree = "<group>";
		};
		992A929320DDD1924085A4AD /* mcp-inator */ = {
			isa = PBXGroup;
			children = (
				2A0C42E76E92831198F754C1 /* version.xcconfig */,
			);
			name = "mcp-inator";
			path = .;
			sourceTree = "<group>";
		};
		9B799A17A60007F437C24AD3 /* Unit */ = {
			isa = PBXGroup;
			children = (
				A121873BD13A5AEFF0413CE9 /* AgentVisibilityTests.swift */,
				15439A8B79E4A88F7154D055 /* AppModeManagerTests.swift */,
				5136483F029BD505D48D581C /* CatalogClientTests.swift */,
				5ED892903CE9FF14BF00DB02 /* CatalogEntryDecoderTests.swift */,
				58005F52EC6E0393371118A4 /* CatalogEntryTests.swift */,
				208282AF3881944515550A89 /* CatalogStoreTests.swift */,
				1876009CB9EF08303E122849 /* ConfigStoreTests.swift */,
				38F6749549191E257D4F63A9 /* GeminiDesktopAdapterTests.swift */,
				28A99FC7DF6D6744F5A22A16 /* ImportSourceScannerTests.swift */,
				062B29929666B95C6887ECAE /* MCPServerConfigEquatableTests.swift */,
				56E4117000B48D5E6022D835 /* MCPToolHandlerTests.swift */,
				B1DD36F7DDC9A9860FE4EDEA /* RegistryClientTests.swift */,
				7F1C956B68491FA9BE832D21 /* RegistryEntryTests.swift */,
				C2CC96624DE869D9F82E2505 /* RegistryStoreTests.swift */,
				B1155D8F7EA9583614AF25AF /* SensitiveFieldTests.swift */,
				CF180D6A3C0770A9FDDB23DC /* ServerKeyTransformTests.swift */,
			);
			path = Unit;
			sourceTree = "<group>";
		};
		B227B9925A9DF3B6CFB08D9D /* mcp-inatorTests */ = {
			isa = PBXGroup;
			children = (
				983501167AB3FEB06FFE8D35 /* Integration */,
				0163F502A2ADBB70B69DC179 /* TestHelpers */,
				9B799A17A60007F437C24AD3 /* Unit */,
			);
			path = "mcp-inatorTests";
			sourceTree = "<group>";
		};
		B9668A9E62F63D852C69A4B2 /* Products */ = {
			isa = PBXGroup;
			children = (
				0804AB63951008ED49D09FF7 /* mcp-inator.app */,
				0A161C992F00212393F1172D /* mcp-inatorTests.xctest */,
			);
			name = Products;
			sourceTree = "<group>";
		};
		C6B4A8D0B362E2F4A09A21A7 /* Services */ = {
			isa = PBXGroup;
			children = (
				32C057F5CFACEFE7B55E6BCA /* CatalogClient.swift */,
				A789E346EC685FBD34C7C235 /* CatalogStore.swift */,
				00FDDFF5C5091102C5B67845 /* ConnectionTester.swift */,
				6C40061664F926F320D8B730 /* ImportSourceScanner.swift */,
				2BC3F99DF88E320E1D1FCDF0 /* RegistryClient.swift */,
				14925175871D556D6556A060 /* RegistryStore.swift */,
			);
			path = Services;
			sourceTree = "<group>";
		};
		CA126C95E6E31DF909D7073F /* App */ = {
			isa = PBXGroup;
			children = (
				F542D4F9A2B2A38EA0CF27C8 /* AppDelegate.swift */,
				E7A287EC332772DA0660B1D7 /* AppModeManager.swift */,
				1D5E12DD5F2F8255785408D2 /* main.swift */,
				1175E5F5782F11D0F99E25A1 /* mcp_inatorApp.swift */,
			);
			path = App;
			sourceTree = "<group>";
		};
		DB653EB06BB01E80D6589289 /* Models */ = {
			isa = PBXGroup;
			children = (
				A3B865013EA65AAE8229C657 /* AgentRecord.swift */,
				ED397AFDE2BF588B83C1AAEC /* CatalogEntry.swift */,
				9C423205898D6A2E2BEB32B8 /* ConfigAgentAssignment.swift */,
				5D4A21BA688C4663ABB5AFA2 /* ConnectionTestResult.swift */,
				F5D93EC8166B021EEC823482 /* ImportSource.swift */,
				7D06963756EC1BCB53722FEB /* MCPServerConfig.swift */,
				B1F59E8CDCBE4E70FF72AE08 /* RegistryEntry.swift */,
			);
			path = Models;
			sourceTree = "<group>";
		};
/* End PBXGroup section */

/* Begin PBXNativeTarget section */
		26F6B7CB9C387EC1B5DE542B /* mcp-inatorTests */ = {
			isa = PBXNativeTarget;
			buildConfigurationList = ED19A8DC970952FF66C415D6 /* Build configuration list for PBXNativeTarget "mcp-inatorTests" */;
			buildPhases = (
				EC0BBDB1C32C3D0DCF495A09 /* Sources */,
				6B5EF53CC3066491685BB690 /* Resources */,
			);
			buildRules = (
			);
			dependencies = (
				57F62BD10798842B905D7E5A /* PBXTargetDependency */,
			);
			name = "mcp-inatorTests";
			packageProductDependencies = (
			);
			productName = "mcp-inatorTests";
			productReference = 0A161C992F00212393F1172D /* mcp-inatorTests.xctest */;
			productType = "com.apple.product-type.bundle.unit-test";
		};
		3845B3C558F78E2A624D8F54 /* mcp-inator */ = {
			isa = PBXNativeTarget;
			buildConfigurationList = 7B176E7DEEC68F6342860D85 /* Build configuration list for PBXNativeTarget "mcp-inator" */;
			buildPhases = (
				30BBE443C59B554ECD3D0D01 /* Sources */,
				7D5F55F6890AF4250814DA9C /* Resources */,
				C8340D9DA8241856345F71C7 /* Frameworks */,
			);
			buildRules = (
			);
			dependencies = (
			);
			name = "mcp-inator";
			packageProductDependencies = (
				9F02EB3D916681BA267ADB14 /* GRDB */,
				4F51316E8731F74700960B78 /* Sparkle */,
				A8A575E8E03CFB9812734877 /* TOMLKit */,
				3FDC266E73A2012A10B19689 /* MCP */,
				F68EC4EB8D4D17E1DA079D1E /* Sentry */,
			);
			productName = "mcp-inator";
			productReference = 0804AB63951008ED49D09FF7 /* mcp-inator.app */;
			productType = "com.apple.product-type.application";
		};
/* End PBXNativeTarget section */

/* Begin PBXProject section */
		CDF922E5463B7E72E875686C /* Project object */ = {
			isa = PBXProject;
			attributes = {
				BuildIndependentTargetsInParallel = YES;
				LastUpgradeCheck = 1500;
				TargetAttributes = {
					3845B3C558F78E2A624D8F54 = {
						DevelopmentTeam = "";
						ProvisioningStyle = Automatic;
					};
				};
			};
			buildConfigurationList = F4BC4D07BD0344121ECBD296 /* Build configuration list for PBXProject "mcp-inator" */;
			developmentRegion = en;
			hasScannedForEncodings = 0;
			knownRegions = (
				Base,
				en,
			);
			mainGroup = 5B9A17814068CAC1A972B2C7;
			minimizedProjectReferenceProxies = 1;
			packageReferences = (
				D96136D20D19F96F4277DC6F /* XCRemoteSwiftPackageReference "GRDB.swift" */,
				C7960C163C6131605A021938 /* XCRemoteSwiftPackageReference "swift-sdk" */,
				F885DCF134347A9AC56FF78D /* XCRemoteSwiftPackageReference "sentry-cocoa" */,
				9DFA9A924161D278C55C4A94 /* XCRemoteSwiftPackageReference "Sparkle" */,
				52E7AD8255FE58E4B2D44641 /* XCRemoteSwiftPackageReference "TOMLKit" */,
			);
			preferredProjectObjectVersion = 77;
			productRefGroup = B9668A9E62F63D852C69A4B2 /* Products */;
			projectDirPath = "";
			projectRoot = "";
			targets = (
				3845B3C558F78E2A624D8F54 /* mcp-inator */,
				26F6B7CB9C387EC1B5DE542B /* mcp-inatorTests */,
			);
		};
/* End PBXProject section */

/* Begin PBXResourcesBuildPhase section */
		6B5EF53CC3066491685BB690 /* Resources */ = {
			isa = PBXResourcesBuildPhase;
			buildActionMask = 2147483647;
			files = (
				111DB46129B2AC3E7C8313CD /* claude_code_config.json in Resources */,
				7A4207AC732B7EAE649654AD /* claude_desktop_config.json in Resources */,
				8AF8C42E3205FA32A0917A2E /* codex_config.toml in Resources */,
				92676DE4508191620304B216 /* gemini_config.json in Resources */,
				4F4CF6DCE4EFAD4C97111496 /* registry-response.json in Resources */,
			);
			runOnlyForDeploymentPostprocessing = 0;
		};
		7D5F55F6890AF4250814DA9C /* Resources */ = {
			isa = PBXResourcesBuildPhase;
			buildActionMask = 2147483647;
			files = (
				1F16905A2C802EEA4F149074 /* Assets.xcassets in Resources */,
				82A187BE9A23C507DAFE2038 /* Inator.png in Resources */,
				D5D6668FFE36038FDD0626ED /* Inator@1x.png in Resources */,
				C950538B5ACD5D589F17ECCF /* appcast.xml in Resources */,
				836ACE3795330484C937101A /* catalog.json in Resources */,
				E7DB809A198910DAEC8A8DA7 /* mcp-inator.icns in Resources */,
			);
			runOnlyForDeploymentPostprocessing = 0;
		};
/* End PBXResourcesBuildPhase section */

/* Begin PBXSourcesBuildPhase section */
		30BBE443C59B554ECD3D0D01 /* Sources */ = {
			isa = PBXSourcesBuildPhase;
			buildActionMask = 2147483647;
			files = (
				E7962FB9AA64E97C3CED7F9C /* AboutView.swift in Sources */,
				4A019B214A6AC7948459BFCA /* AddEditConfigView.swift in Sources */,
				A1A2821481A692361A7A1649 /* AgentAdapter.swift in Sources */,
				09F27190B4168272965387B2 /* AgentIcon.swift in Sources */,
				D687F5031913B6860BF343B6 /* AgentListView.swift in Sources */,
				95EE55C2F28E746E65CF804D /* AgentRecord.swift in Sources */,
				F6490975E5CF4F307449A2DE /* AgentsView.swift in Sources */,
				DDBEFBA689E8CA707B95C558 /* AppDelegate.swift in Sources */,
				9BCA15250C916F0238ADC307 /* AppModeManager.swift in Sources */,
				4A4F7705E77210F4C1C9E981 /* CatalogClient.swift in Sources */,
				33053242EE65629DBFB1B090 /* CatalogDetailView.swift in Sources */,
				49C139F2C652AF12C85B2621 /* CatalogEntry.swift in Sources */,
				50976F473DE40F2112AAD598 /* CatalogEntryDetailView.swift in Sources */,
				B3F24BE0BA8D8436E74603EE /* CatalogStore.swift in Sources */,
				8659AD4092A2503E6C1E79C3 /* CatalogView.swift in Sources */,
				85B079D9EB93DDCAA8010FE6 /* ClaudeCodeAdapter.swift in Sources */,
				BC362B5B9FB7F4C39AB37295 /* ClaudeDesktopAdapter.swift in Sources */,
				71F05D0A5B9BB688FCB269C1 /* CodexCLIAdapter.swift in Sources */,
				0DF006CA7250138FF808747A /* ConfigAgentAssignment.swift in Sources */,
				478BA8EAD26AD9DA49B10181 /* ConfigLibraryView.swift in Sources */,
				D22C26DC90B06519C84045D6 /* ConfigStore.swift in Sources */,
				FD7AB207DB5CDC0018E0984A /* ConnectionTestResult.swift in Sources */,
				817549DE3D56B1B542C04875 /* ConnectionTester.swift in Sources */,
				14378934D5CF574B6A7F9642 /* DiscoveryView.swift in Sources */,
				5E93AE6C06C1F2916D5724A2 /* GeminiCLIAdapter.swift in Sources */,
				A2CF25990C93250DD40BEC1F /* GeminiDesktopAdapter.swift in Sources */,
				C5F664311811F2260A829E52 /* ImportReviewView.swift in Sources */,
				7877C4D786F70D5589D2BC2D /* ImportSource.swift in Sources */,
				AA2660B69ED4DFC5E3173152 /* ImportSourceScanner.swift in Sources */,
				13C9B634A309A2877B2B3CC5 /* MCPServer.swift in Sources */,
				E5221B2C979D7A69913D03C4 /* MCPServerConfig.swift in Sources */,
				C3FB9A65EFD12042DE880E77 /* MCPTools.swift in Sources */,
				9918965B7D07AE172CCFC8D4 /* MainWindowView.swift in Sources */,
				9BA46DF2391731E8AF7CBDBE /* ManageAgentsView.swift in Sources */,
				400927860892CA6B0842C128 /* MenuBarView.swift in Sources */,
				D541D6822382E172DE600A9E /* Migration001.swift in Sources */,
				EEE87A7537B8A8060DE9F9CF /* Migration002.swift in Sources */,
				522BBCF11D47611FC3977B78 /* Migration003.swift in Sources */,
				03112027C047E7EAF9BA153E /* Migration004.swift in Sources */,
				3FBF669EF46E71655E39D8F2 /* Migration005.swift in Sources */,
				4B147B91E919B19B9CE0B1EB /* Migration006.swift in Sources */,
				54BF6E7E6F982967E9444220 /* PreferencesView.swift in Sources */,
				698770EB8DB65E6BA481D464 /* RegistryClient.swift in Sources */,
				2CAA3A60F6990A6105BB2939 /* RegistryEntry.swift in Sources */,
				CD3D7E4F7290A6B2F6141295 /* RegistryStore.swift in Sources */,
				EBF6FFCF9F935C8238AA03F3 /* StringExtensions.swift in Sources */,
				CD942979217CDD9C83888173 /* main.swift in Sources */,
				0BD239306BC3EE9CE6A79874 /* mcp_inatorApp.swift in Sources */,
			);
			runOnlyForDeploymentPostprocessing = 0;
		};
		EC0BBDB1C32C3D0DCF495A09 /* Sources */ = {
			isa = PBXSourcesBuildPhase;
			buildActionMask = 2147483647;
			files = (
				D1C6D075F030E86E687D04A4 /* AgentVisibilityTests.swift in Sources */,
				BC21EA76199C8D090A37B299 /* AppModeManagerTests.swift in Sources */,
				774A7276EC90260DBDB284F4 /* CatalogClientTests.swift in Sources */,
				60216F1F5B4BA2BFF4BE0523 /* CatalogEntryDecoderTests.swift in Sources */,
				C29C4A0AB1C1CB59D2F521C0 /* CatalogEntryTests.swift in Sources */,
				941B0061DDDBE840AB3F815A /* CatalogStoreTests.swift in Sources */,
				544D1B195DBAA778AC333642 /* ClaudeCodeAdapterTests.swift in Sources */,
				D075D896B707D3A64AA5D8CC /* ClaudeDesktopAdapterTests.swift in Sources */,
				16D11BBA470D5B699EEBBFEC /* CodexCLIAdapterTests.swift in Sources */,
				739B64DF1BEEC349B7F7D612 /* ConfigStoreTests.swift in Sources */,
				9D56C739C96A2204F5D0E255 /* GeminiCLIAdapterTests.swift in Sources */,
				ABF9EE50C4FC84D9D135F9AC /* GeminiDesktopAdapterTests.swift in Sources */,
				8CDC219ECE6787F6C010819C /* ImportSourceScannerTests.swift in Sources */,
				9680CAFED3EC68BA8DEBD628 /* MCPServerConfigEquatableTests.swift in Sources */,
				48E52DCFCDB5F632E463C938 /* MCPServerTests.swift in Sources */,
				F3C7E6D23AAC6499C9678663 /* MCPToolHandlerTests.swift in Sources */,
				2F0DA0B200410D50277841A3 /* RegistryClientTests.swift in Sources */,
				B8F4435B355967AA1318B6A3 /* RegistryEntryTests.swift in Sources */,
				AC53161BD0A5CB8B45259502 /* RegistryStoreTests.swift in Sources */,
				DF9E5F26F37E0D834BFB35DC /* SensitiveFieldTests.swift in Sources */,
				CCCEEB624CD6B6ECF4335159 /* ServerKeyTransformTests.swift in Sources */,
				2B87F479BAA1BC83903C382B /* StubAdapter.swift in Sources */,
			);
			runOnlyForDeploymentPostprocessing = 0;
		};
/* End PBXSourcesBuildPhase section */

/* Begin PBXTargetDependency section */
		57F62BD10798842B905D7E5A /* PBXTargetDependency */ = {
			isa = PBXTargetDependency;
			target = 3845B3C558F78E2A624D8F54 /* mcp-inator */;
			targetProxy = FC90BD8A0EEE128FDF49E026 /* PBXContainerItemProxy */;
		};
/* End PBXTargetDependency section */

/* Begin XCBuildConfiguration section */
		4010351B128D9C0E40C47F48 /* Release */ = {
			isa = XCBuildConfiguration;
			buildSettings = {
				ASSETCATALOG_COMPILER_APPICON_NAME = AppIcon;
				CODE_SIGN_ENTITLEMENTS = "mcp-inator/Resources/mcp-inator.entitlements";
				CODE_SIGN_STYLE = Automatic;
				COMBINE_HIDPI_IMAGES = YES;
				DEVELOPMENT_TEAM = "";
				ENABLE_HARDENED_RUNTIME = YES;
				INFOPLIST_FILE = "mcp-inator/Resources/Info.plist";
				LD_RUNPATH_SEARCH_PATHS = (
					"$(inherited)",
					"@executable_path/../Frameworks",
				);
				MACOSX_DEPLOYMENT_TARGET = 13.0;
				PRODUCT_BUNDLE_IDENTIFIER = "io.moov.mcp-inator";
				SDKROOT = macosx;
				SWIFT_VERSION = 6.0;
			};
			name = Release;
		};
		59A20EED97025AC509F46457 /* Debug */ = {
			isa = XCBuildConfiguration;
			baseConfigurationReference = 2A0C42E76E92831198F754C1 /* version.xcconfig */;
			buildSettings = {
				ALWAYS_SEARCH_USER_PATHS = NO;
				CLANG_ANALYZER_NONNULL = YES;
				CLANG_ANALYZER_NUMBER_OBJECT_CONVERSION = YES_AGGRESSIVE;
				CLANG_CXX_LANGUAGE_STANDARD = "gnu++14";
				CLANG_CXX_LIBRARY = "libc++";
				CLANG_ENABLE_MODULES = YES;
				CLANG_ENABLE_OBJC_ARC = YES;
				CLANG_ENABLE_OBJC_WEAK = YES;
				CLANG_WARN_BLOCK_CAPTURE_AUTORELEASING = YES;
				CLANG_WARN_BOOL_CONVERSION = YES;
				CLANG_WARN_COMMA = YES;
				CLANG_WARN_CONSTANT_CONVERSION = YES;
				CLANG_WARN_DEPRECATED_OBJC_IMPLEMENTATIONS = YES;
				CLANG_WARN_DIRECT_OBJC_ISA_USAGE = YES_ERROR;
				CLANG_WARN_DOCUMENTATION_COMMENTS = YES;
				CLANG_WARN_EMPTY_BODY = YES;
				CLANG_WARN_ENUM_CONVERSION = YES;
				CLANG_WARN_INFINITE_RECURSION = YES;
				CLANG_WARN_INT_CONVERSION = YES;
				CLANG_WARN_NON_LITERAL_NULL_CONVERSION = YES;
				CLANG_WARN_OBJC_IMPLICIT_RETAIN_SELF = YES;
				CLANG_WARN_OBJC_LITERAL_CONVERSION = YES;
				CLANG_WARN_OBJC_ROOT_CLASS = YES_ERROR;
				CLANG_WARN_QUOTED_INCLUDE_IN_FRAMEWORK_HEADER = YES;
				CLANG_WARN_RANGE_LOOP_ANALYSIS = YES;
				CLANG_WARN_STRICT_PROTOTYPES = YES;
				CLANG_WARN_SUSPICIOUS_MOVE = YES;
				CLANG_WARN_UNGUARDED_AVAILABILITY = YES_AGGRESSIVE;
				CLANG_WARN_UNREACHABLE_CODE = YES;
				CLANG_WARN__DUPLICATE_METHOD_MATCH = YES;
				COPY_PHASE_STRIP = NO;
				DEBUG_INFORMATION_FORMAT = dwarf;
				ENABLE_STRICT_OBJC_MSGSEND = YES;
				ENABLE_TESTABILITY = YES;
				GCC_C_LANGUAGE_STANDARD = gnu11;
				GCC_DYNAMIC_NO_PIC = NO;
				GCC_NO_COMMON_BLOCKS = YES;
				GCC_OPTIMIZATION_LEVEL = 0;
				GCC_PREPROCESSOR_DEFINITIONS = (
					"$(inherited)",
					"DEBUG=1",
				);
				GCC_WARN_64_TO_32_BIT_CONVERSION = YES;
				GCC_WARN_ABOUT_RETURN_TYPE = YES_ERROR;
				GCC_WARN_UNDECLARED_SELECTOR = YES;
				GCC_WARN_UNINITIALIZED_AUTOS = YES_AGGRESSIVE;
				GCC_WARN_UNUSED_FUNCTION = YES;
				GCC_WARN_UNUSED_VARIABLE = YES;
				MACOSX_DEPLOYMENT_TARGET = 13.0;
				MTL_ENABLE_DEBUG_INFO = INCLUDE_SOURCE;
				MTL_FAST_MATH = YES;
				ONLY_ACTIVE_ARCH = YES;
				PRODUCT_NAME = "$(TARGET_NAME)";
				SDKROOT = macosx;
				SWIFT_ACTIVE_COMPILATION_CONDITIONS = DEBUG;
				SWIFT_OPTIMIZATION_LEVEL = "-Onone";
				SWIFT_VERSION = 5.0;
			};
			name = Debug;
		};
		90198478A1643EF67A0545E4 /* Release */ = {
			isa = XCBuildConfiguration;
			buildSettings = {
				BUNDLE_LOADER = "$(TEST_HOST)";
				COMBINE_HIDPI_IMAGES = YES;
				GENERATE_INFOPLIST_FILE = YES;
				LD_RUNPATH_SEARCH_PATHS = (
					"$(inherited)",
					"@executable_path/../Frameworks",
					"@loader_path/../Frameworks",
				);
				MACOSX_DEPLOYMENT_TARGET = 13.0;
				PRODUCT_BUNDLE_IDENTIFIER = "io.moov.mcp-inatorTests";
				SDKROOT = macosx;
				SWIFT_VERSION = 6.0;
				TEST_HOST = "$(BUILT_PRODUCTS_DIR)/mcp-inator.app/Contents/MacOS/mcp-inator";
			};
			name = Release;
		};
		AA485E1ACEEAB761E568ED5A /* Debug */ = {
			isa = XCBuildConfiguration;
			buildSettings = {
				BUNDLE_LOADER = "$(TEST_HOST)";
				COMBINE_HIDPI_IMAGES = YES;
				GENERATE_INFOPLIST_FILE = YES;
				LD_RUNPATH_SEARCH_PATHS = (
					"$(inherited)",
					"@executable_path/../Frameworks",
					"@loader_path/../Frameworks",
				);
				MACOSX_DEPLOYMENT_TARGET = 13.0;
				PRODUCT_BUNDLE_IDENTIFIER = "io.moov.mcp-inatorTests";
				SDKROOT = macosx;
				SWIFT_VERSION = 6.0;
				TEST_HOST = "$(BUILT_PRODUCTS_DIR)/mcp-inator.app/Contents/MacOS/mcp-inator";
			};
			name = Debug;
		};
		AA6D1FE76CA5A68F22F8A14A /* Release */ = {
			isa = XCBuildConfiguration;
			baseConfigurationReference = 2A0C42E76E92831198F754C1 /* version.xcconfig */;
			buildSettings = {
				ALWAYS_SEARCH_USER_PATHS = NO;
				CLANG_ANALYZER_NONNULL = YES;
				CLANG_ANALYZER_NUMBER_OBJECT_CONVERSION = YES_AGGRESSIVE;
				CLANG_CXX_LANGUAGE_STANDARD = "gnu++14";
				CLANG_CXX_LIBRARY = "libc++";
				CLANG_ENABLE_MODULES = YES;
				CLANG_ENABLE_OBJC_ARC = YES;
				CLANG_ENABLE_OBJC_WEAK = YES;
				CLANG_WARN_BLOCK_CAPTURE_AUTORELEASING = YES;
				CLANG_WARN_BOOL_CONVERSION = YES;
				CLANG_WARN_COMMA = YES;
				CLANG_WARN_CONSTANT_CONVERSION = YES;
				CLANG_WARN_DEPRECATED_OBJC_IMPLEMENTATIONS = YES;
				CLANG_WARN_DIRECT_OBJC_ISA_USAGE = YES_ERROR;
				CLANG_WARN_DOCUMENTATION_COMMENTS = YES;
				CLANG_WARN_EMPTY_BODY = YES;
				CLANG_WARN_ENUM_CONVERSION = YES;
				CLANG_WARN_INFINITE_RECURSION = YES;
				CLANG_WARN_INT_CONVERSION = YES;
				CLANG_WARN_NON_LITERAL_NULL_CONVERSION = YES;
				CLANG_WARN_OBJC_IMPLICIT_RETAIN_SELF = YES;
				CLANG_WARN_OBJC_LITERAL_CONVERSION = YES;
				CLANG_WARN_OBJC_ROOT_CLASS = YES_ERROR;
				CLANG_WARN_QUOTED_INCLUDE_IN_FRAMEWORK_HEADER = YES;
				CLANG_WARN_RANGE_LOOP_ANALYSIS = YES;
				CLANG_WARN_STRICT_PROTOTYPES = YES;
				CLANG_WARN_SUSPICIOUS_MOVE = YES;
				CLANG_WARN_UNGUARDED_AVAILABILITY = YES_AGGRESSIVE;
				CLANG_WARN_UNREACHABLE_CODE = YES;
				CLANG_WARN__DUPLICATE_METHOD_MATCH = YES;
				COPY_PHASE_STRIP = NO;
				DEBUG_INFORMATION_FORMAT = "dwarf-with-dsym";
				ENABLE_NS_ASSERTIONS = NO;
				ENABLE_STRICT_OBJC_MSGSEND = YES;
				GCC_C_LANGUAGE_STANDARD = gnu11;
				GCC_NO_COMMON_BLOCKS = YES;
				GCC_WARN_64_TO_32_BIT_CONVERSION = YES;
				GCC_WARN_ABOUT_RETURN_TYPE = YES_ERROR;
				GCC_WARN_UNDECLARED_SELECTOR = YES;
				GCC_WARN_UNINITIALIZED_AUTOS = YES_AGGRESSIVE;
				GCC_WARN_UNUSED_FUNCTION = YES;
				GCC_WARN_UNUSED_VARIABLE = YES;
				MACOSX_DEPLOYMENT_TARGET = 13.0;
				MTL_ENABLE_DEBUG_INFO = NO;
				MTL_FAST_MATH = YES;
				PRODUCT_NAME = "$(TARGET_NAME)";
				SDKROOT = macosx;
				SWIFT_COMPILATION_MODE = wholemodule;
				SWIFT_OPTIMIZATION_LEVEL = "-O";
				SWIFT_VERSION = 5.0;
			};
			name = Release;
		};
		CCD1158BBAA5D3928AA6ABF0 /* Debug */ = {
			isa = XCBuildConfiguration;
			buildSettings = {
				ASSETCATALOG_COMPILER_APPICON_NAME = AppIcon;
				CODE_SIGN_ENTITLEMENTS = "mcp-inator/Resources/mcp-inator.entitlements";
				CODE_SIGN_STYLE = Automatic;
				COMBINE_HIDPI_IMAGES = YES;
				DEVELOPMENT_TEAM = "";
				ENABLE_HARDENED_RUNTIME = YES;
				INFOPLIST_FILE = "mcp-inator/Resources/Info.plist";
				LD_RUNPATH_SEARCH_PATHS = (
					"$(inherited)",
					"@executable_path/../Frameworks",
				);
				MACOSX_DEPLOYMENT_TARGET = 13.0;
				PRODUCT_BUNDLE_IDENTIFIER = "io.moov.mcp-inator";
				SDKROOT = macosx;
				SWIFT_VERSION = 6.0;
			};
			name = Debug;
		};
/* End XCBuildConfiguration section */

/* Begin XCConfigurationList section */
		7B176E7DEEC68F6342860D85 /* Build configuration list for PBXNativeTarget "mcp-inator" */ = {
			isa = XCConfigurationList;
			buildConfigurations = (
				CCD1158BBAA5D3928AA6ABF0 /* Debug */,
				4010351B128D9C0E40C47F48 /* Release */,
			);
			defaultConfigurationIsVisible = 0;
			defaultConfigurationName = Debug;
		};
		ED19A8DC970952FF66C415D6 /* Build configuration list for PBXNativeTarget "mcp-inatorTests" */ = {
			isa = XCConfigurationList;
			buildConfigurations = (
				AA485E1ACEEAB761E568ED5A /* Debug */,
				90198478A1643EF67A0545E4 /* Release */,
			);
			defaultConfigurationIsVisible = 0;
			defaultConfigurationName = Debug;
		};
		F4BC4D07BD0344121ECBD296 /* Build configuration list for PBXProject "mcp-inator" */ = {
			isa = XCConfigurationList;
			buildConfigurations = (
				59A20EED97025AC509F46457 /* Debug */,
				AA6D1FE76CA5A68F22F8A14A /* Release */,
			);
			defaultConfigurationIsVisible = 0;
			defaultConfigurationName = Debug;
		};
/* End XCConfigurationList section */

/* Begin XCRemoteSwiftPackageReference section */
		52E7AD8255FE58E4B2D44641 /* XCRemoteSwiftPackageReference "TOMLKit" */ = {
			isa = XCRemoteSwiftPackageReference;
			repositoryURL = "https://github.com/LebJe/TOMLKit";
			requirement = {
				kind = upToNextMajorVersion;
				minimumVersion = 0.5.0;
			};
		};
		9DFA9A924161D278C55C4A94 /* XCRemoteSwiftPackageReference "Sparkle" */ = {
			isa = XCRemoteSwiftPackageReference;
			repositoryURL = "https://github.com/sparkle-project/Sparkle";
			requirement = {
				kind = upToNextMajorVersion;
				minimumVersion = 2.0.0;
			};
		};
		C7960C163C6131605A021938 /* XCRemoteSwiftPackageReference "swift-sdk" */ = {
			isa = XCRemoteSwiftPackageReference;
			repositoryURL = "https://github.com/modelcontextprotocol/swift-sdk";
			requirement = {
				kind = upToNextMajorVersion;
				minimumVersion = 0.12.1;
			};
		};
		D96136D20D19F96F4277DC6F /* XCRemoteSwiftPackageReference "GRDB.swift" */ = {
			isa = XCRemoteSwiftPackageReference;
			repositoryURL = "https://github.com/groue/GRDB.swift";
			requirement = {
				kind = upToNextMajorVersion;
				minimumVersion = 7.0.0;
			};
		};
		F885DCF134347A9AC56FF78D /* XCRemoteSwiftPackageReference "sentry-cocoa" */ = {
			isa = XCRemoteSwiftPackageReference;
			repositoryURL = "https://github.com/getsentry/sentry-cocoa";
			requirement = {
				kind = upToNextMajorVersion;
				minimumVersion = 8.0.0;
			};
		};
/* End XCRemoteSwiftPackageReference section */

/* Begin XCSwiftPackageProductDependency section */
		3FDC266E73A2012A10B19689 /* MCP */ = {
			isa = XCSwiftPackageProductDependency;
			package = C7960C163C6131605A021938 /* XCRemoteSwiftPackageReference "swift-sdk" */;
			productName = MCP;
		};
		4F51316E8731F74700960B78 /* Sparkle */ = {
			isa = XCSwiftPackageProductDependency;
			package = 9DFA9A924161D278C55C4A94 /* XCRemoteSwiftPackageReference "Sparkle" */;
			productName = Sparkle;
		};
		9F02EB3D916681BA267ADB14 /* GRDB */ = {
			isa = XCSwiftPackageProductDependency;
			package = D96136D20D19F96F4277DC6F /* XCRemoteSwiftPackageReference "GRDB.swift" */;
			productName = GRDB;
		};
		A8A575E8E03CFB9812734877 /* TOMLKit */ = {
			isa = XCSwiftPackageProductDependency;
			package = 52E7AD8255FE58E4B2D44641 /* XCRemoteSwiftPackageReference "TOMLKit" */;
			productName = TOMLKit;
		};
		F68EC4EB8D4D17E1DA079D1E /* Sentry */ = {
			isa = XCSwiftPackageProductDependency;
			package = F885DCF134347A9AC56FF78D /* XCRemoteSwiftPackageReference "sentry-cocoa" */;
			productName = Sentry;
		};
/* End XCSwiftPackageProductDependency section */
	};
	rootObject = CDF922E5463B7E72E875686C /* Project object */;
}
